
Microsoft Visual Studio Solution File, Format Version 12.00
# Visual Studio 2013
VisualStudioVersion = 12.0.21005.1
MinimumVisualStudioVersion = 10.0.40219.1
Project("{FAE04EC0-301F-11D3-BF4B-00C04F79EFBC}") = "QuanLyTienLuong1", "QuanLyTienLuong1\QuanLyTienLuong1.csproj", "{9C876FD8-6EF3-43B8-9104-D3648F74FA25}"
EndProject
Project("{FAE04EC0-301F-11D3-BF4B-00C04F79EFBC}") = "BusinessLogicLayer", "BusinessLogicLayer\BusinessLogicLayer.csproj", "{CE527388-D319-480E-9D27-BEDE75CA72AF}"
EndProject
Project("{FAE04EC0-301F-11D3-BF4B-00C04F79EFBC}") = "DataAccessLayer", "DataAccessLayer\DataAccessLayer.csproj", "{ABFF1155-8A0A-40B4-9D0A-50FC467E8207}"
EndProject
Global
	GlobalSection(SolutionConfigurationPlatforms) = preSolution
		Debug|Any CPU = Debug|Any CPU
		Release|Any CPU = Release|Any CPU
	EndGlobalSection
	GlobalSection(ProjectConfigurationPlatforms) = postSolution
		{9C876FD8-6EF3-43B8-9104-D3648F74FA25}.Debug|Any CPU.ActiveCfg = Debug|Any CPU
		{9C876FD8-6EF3-43B8-9104-D3648F74FA25}.Debug|Any CPU.Build.0 = Debug|Any CPU
		{9C876FD8-6EF3-43B8-9104-D3648F74FA25}.Release|Any CPU.ActiveCfg = Release|Any CPU
		{9C876FD8-6EF3-43B8-9104-D3648F74FA25}.Release|Any CPU.Build.0 = Release|Any CPU
		{CE527388-D319-480E-9D27-BEDE75CA72AF}.Debug|Any CPU.ActiveCfg = Debug|Any CPU
		{CE527388-D319-480E-9D27-BEDE75CA72AF}.Debug|Any CPU.Build.0 = Debug|Any CPU
		{CE527388-D319-480E-9D27-BEDE75CA72AF}.Release|Any CPU.ActiveCfg = Release|Any CPU
		{CE527388-D319-480E-9D27-BEDE75CA72AF}.Release|Any CPU.Build.0 = Release|Any CPU
		{ABFF1155-8A0A-40B4-9D0A-50FC467E8207}.Debug|Any CPU.ActiveCfg = Debug|Any CPU
		{ABFF1155-8A0A-40B4-9D0A-50FC467E8207}.Debug|Any CPU.Build.0 = Debug|Any CPU
		{ABFF1155-8A0A-40B4-9D0A-50FC467E8207}.Release|Any CPU.ActiveCfg = Release|Any CPU
		{ABFF1155-8A0A-40B4-9D0A-50FC467E8207}.Release|Any CPU.Build.0 = Release|Any CPU
	EndGlobalSection
	GlobalSection(SolutionProperties) = preSolution
		HideSolutionNode = FALSE
	EndGlobalSection
	GlobalSection(ExtensibilityGlobals) = postSolution
		SolutionGuid = {3AAAC679-F136-48CD-87CA-8714F6E8A33B}
	EndGlobalSection
EndGlobal
